# This file is automatically @generated by Poetry 1.8.1 and should not be changed by hand.

[[package]]
name = "dynaconf"
version = "3.2.6"
description = "The dynamic configurator for your Python Project"
optional = false
python-versions = ">=3.8"
files = [
    {file = "dynaconf-3.2.6-py2.py3-none-any.whl", hash = "sha256:3911c740d717df4576ed55f616c7cbad6e06bc8ef23ffca444b6e2a12fb1c34c"},
    {file = "dynaconf-3.2.6.tar.gz", hash = "sha256:74cc1897396380bb957730eb341cc0976ee9c38bbcb53d3307c50caed0aedfb8"},
]

[package.extras]
all = ["configobj", "hvac", "redis", "ruamel.yaml"]
configobj = ["configobj"]
ini = ["configobj"]
redis = ["redis"]
test = ["configobj", "django", "flask (>=0.12)", "hvac (>=1.1.0)", "pytest", "pytest-cov", "pytest-mock", "pytest-xdist", "python-dotenv", "radon", "redis", "toml"]
toml = ["toml"]
vault = ["hvac"]
yaml = ["ruamel.yaml"]

[metadata]
lock-version = "2.0"
python-versions = "^3.12"
content-hash = "7ae9ef4e21c1074bd43cf6ec4c75aff2db7aebe3604fd6059db63d7685ca2173"
